
Microsoft Visual Studio Solution File, Format Version 12.00
# Visual Studio Version 16
VisualStudioVersion = 16.0.30204.135
MinimumVisualStudioVersion = 10.0.40219.1
Project("{FAE04EC0-301F-11D3-BF4B-00C04F79EFBC}") = "DIO.Series", "DIO.Series\DIO.Series.csproj", "{45BE5FC3-7E57-444F-A027-9CDD61BE4DB5}"
EndProject
Global
	GlobalSection(SolutionConfigurationPlatforms) = preSolution
		Debug|Any CPU = Debug|Any CPU
		Release|Any CPU = Release|Any CPU
	EndGlobalSection
	GlobalSection(ProjectConfigurationPlatforms) = postSolution
		{45BE5FC3-7E57-444F-A027-9CDD61BE4DB5}.Debug|Any CPU.ActiveCfg = Debug|Any CPU
		{45BE5FC3-7E57-444F-A027-9CDD61BE4DB5}.Debug|Any CPU.Build.0 = Debug|Any CPU
		{45BE5FC3-7E57-444F-A027-9CDD61BE4DB5}.Release|Any CPU.ActiveCfg = Release|Any CPU
		{45BE5FC3-7E57-444F-A027-9CDD61BE4DB5}.Release|Any CPU.Build.0 = Release|Any CPU
	EndGlobalSection
	GlobalSection(SolutionProperties) = preSolution
		HideSolutionNode = FALSE
	EndGlobalSection
	GlobalSection(ExtensibilityGlobals) = postSolution
		SolutionGuid = {0FD82AB2-AEE8-4F09-BA89-275CDABA1093}
	EndGlobalSection
EndGlobal
